# Python UV Lock & Autofix Workflow (Reusable)
name: Python UV Autofix (Reusable)
on:
  workflow_call:
  workflow_dispatch:
concurrency:
  group: ${{ github.workflow }}-${{ github.head_ref || github.run_id }}
  cancel-in-progress: true
permissions:
  contents: write
  pull-requests: write
env:
  DEBIAN_FRONTEND: noninteractive
  LC_ALL: C
  UV_FORK_STRATEGY: requires-python
  UV_RESOLUTION: highest
  UV_PRERELEASE: if-necessary-or-explicit
  UV_INDEX_STRATEGY: unsafe-best-match
  UV_NATIVE_TLS: 0
  UV_NO_PROGRESS: 1
jobs:
  autofix:
    name: Python UV Autofix
    runs-on: ubuntu-slim
    timeout-minutes: 15
    steps:
      - name: Checkout Repository
        uses: actions/checkout@v7
        with:
          token: ${{ secrets.PAT || secrets.GITHUB_TOKEN }}
      - name: Check for Python Dependencies
        id: check_files
        run: |
          if [[ -f "requirements.txt" || -f "pyproject.toml" || -f "uv.lock" ]]; then
            echo "has_files=true" >> "$GITHUB_OUTPUT"
            echo "Python dependency files found."
          else
            echo "has_files=false" >> "$GITHUB_OUTPUT"
            echo "No Python dependency files found."
          fi
        shell: bash
      - name: Setup UV
        if: steps.check_files.outputs.has_files == 'true'
        uses: astral-sh/setup-uv@v8.2.0
        with:
          python-version: "3.13"
          activate-environment: "true"
          github-token: ${{ secrets.PAT || secrets.GITHUB_TOKEN }}
          cache-python: "true"
          resolution-strategy: "highest"
      - name: Install Dependencies
        if: steps.check_files.outputs.has_files == 'true'
        run: |
          uv pip install pip
          if [[ -f "requirements.txt" ]]; then
            uv pip install -r requirements.txt
          fi
      - name: Update Lock File
        if: steps.check_files.outputs.has_files == 'true'
        run: uv lock -U --fork-strategy requires-python --index-strategy unsafe-best-match --resolution highest
      - name: Lint with Ruff
        if: steps.check_files.outputs.has_files == 'true'
        uses: astral-sh/ruff-action@v4.0.0
      - name: Fix Lint Issues
        if: steps.check_files.outputs.has_files == 'true'
        run: ruff check --fix-only
      - name: Format Code
        if: steps.check_files.outputs.has_files == 'true'
        run: ruff format
      - name: Run Autofix
        if: steps.check_files.outputs.has_files == 'true'
        uses: autofix-ci/action@v1.3.4
        with:
          github-token: ${{ secrets.PAT || secrets.GITHUB_TOKEN }}
